// !$*UTF8*$!
{
	archiveVersion = 1;
	classes = {
	};
	objectVersion = 50;
	objects = {

/* Begin PBXBuildFile section */
		28AFB8942089AA85006E3A98 /* CoreLocation.framework in Frameworks */ = {isa = PBXBuildFile; fileRef = 28AFB8932089AA85006E3A98 /* CoreLocation.framework */; };
		28AFB8982089BADA006E3A98 /* ResultsTableViewController.swift in Sources */ = {isa = PBXBuildFile; fileRef = 28AFB8972089BADA006E3A98 /* ResultsTableViewController.swift */; };
		28BC188020870997007CB946 /* AppDelegate.swift in Sources */ = {isa = PBXBuildFile; fileRef = 28BC187F20870997007CB946 /* AppDelegate.swift */; };
		28BC188220870997007CB946 /* ViewController.swift in Sources */ = {isa = PBXBuildFile; fileRef = 28BC188120870997007CB946 /* ViewController.swift */; };
		28BC188520870997007CB946 /* Main.storyboard in Resources */ = {isa = PBXBuildFile; fileRef = 28BC188320870997007CB946 /* Main.storyboard */; };
		28BC188720870998007CB946 /* Assets.xcassets in Resources */ = {isa = PBXBuildFile; fileRef = 28BC188620870998007CB946 /* Assets.xcassets */; };
		28BC188A20870998007CB946 /* LaunchScreen.storyboard in Resources */ = {isa = PBXBuildFile; fileRef = 28BC188820870998007CB946 /* LaunchScreen.storyboard */; };
		7F2B0AF25E355CF1686D0C84 /* Pods_TandESearchIOS.framework in Frameworks */ = {isa = PBXBuildFile; fileRef = C5D695BD63FC5B973B4C45E0 /* Pods_TandESearchIOS.framework */; };
/* End PBXBuildFile section */

/* Begin PBXFileReference section */
		28AFB8932089AA85006E3A98 /* CoreLocation.framework */ = {isa = PBXFileReference; lastKnownFileType = wrapper.framework; name = CoreLocation.framework; path = System/Library/Frameworks/CoreLocation.framework; sourceTree = SDKROOT; };
		28AFB8972089BADA006E3A98 /* ResultsTableViewController.swift */ = {isa = PBXFileReference; lastKnownFileType = sourcecode.swift; path = ResultsTableViewController.swift; sourceTree = "<group>"; };
		28BC187C20870997007CB946 /* TandESearchIOS.app */ = {isa = PBXFileReference; explicitFileType = wrapper.application; includeInIndex = 0; path = TandESearchIOS.app; sourceTree = BUILT_PRODUCTS_DIR; };
		28BC187F20870997007CB946 /* AppDelegate.swift */ = {isa = PBXFileReference; lastKnownFileType = sourcecode.swift; path = AppDelegate.swift; sourceTree = "<group>"; };
		28BC188120870997007CB946 /* ViewController.swift */ = {isa = PBXFileReference; lastKnownFileType = sourcecode.swift; path = ViewController.swift; sourceTree = "<group>"; };
		28BC188420870997007CB946 /* Base */ = {isa = PBXFileReference; lastKnownFileType = file.storyboard; name = Base; path = Base.lproj/Main.storyboard; sourceTree = "<group>"; };
		28BC188620870998007CB946 /* Assets.xcassets */ = {isa = PBXFileReference; lastKnownFileType = folder.assetcatalog; path = Assets.xcassets; sourceTree = "<group>"; };
		28BC188920870998007CB946 /* Base */ = {isa = PBXFileReference; lastKnownFileType = file.storyboard; name = Base; path = Base.lproj/LaunchScreen.storyboard; sourceTree = "<group>"; };
		28BC188B20870998007CB946 /* Info.plist */ = {isa = PBXFileReference; lastKnownFileType = text.plist.xml; path = Info.plist; sourceTree = "<group>"; };
		63F45980AB36D47406AC6F4E /* Pods-TandESearchIOS.release.xcconfig */ = {isa = PBXFileReference; includeInIndex = 1; lastKnownFileType = text.xcconfig; name = "Pods-TandESearchIOS.release.xcconfig"; path = "Pods/Target Support Files/Pods-TandESearchIOS/Pods-TandESearchIOS.release.xcconfig"; sourceTree = "<group>"; };
		C5D695BD63FC5B973B4C45E0 /* Pods_TandESearchIOS.framework */ = {isa = PBXFileReference; explicitFileType = wrapper.framework; includeInIndex = 0; path = Pods_TandESearchIOS.framework; sourceTree = BUILT_PRODUCTS_DIR; };
		DDAC9758105549E6147C6F7E /* Pods-TandESearchIOS.debug.xcconfig */ = {isa = PBXFileReference; includeInIndex = 1; lastKnownFileType = text.xcconfig; name = "Pods-TandESearchIOS.debug.xcconfig"; path = "Pods/Target Support Files/Pods-TandESearchIOS/Pods-TandESearchIOS.debug.xcconfig"; sourceTree = "<group>"; };
/* End PBXFileReference section */

/* Begin PBXFrameworksBuildPhase section */
		28BC187920870997007CB946 /* Frameworks */ = {
			isa = PBXFrameworksBuildPhase;
			buildActionMask = 2147483647;
			files = (
				28AFB8942089AA85006E3A98 /* CoreLocation.framework in Frameworks */,
				7F2B0AF25E355CF1686D0C84 /* Pods_TandESearchIOS.framework in Frameworks */,
			);
			runOnlyForDeploymentPostprocessing = 0;
		};
/* End PBXFrameworksBuildPhase section */

/* Begin PBXGroup section */
		03A3F76764229B2A7A112449 /* Pods */ = {
			isa = PBXGroup;
			children = (
				DDAC9758105549E6147C6F7E /* Pods-TandESearchIOS.debug.xcconfig */,
				63F45980AB36D47406AC6F4E /* Pods-TandESearchIOS.release.xcconfig */,
			);
			name = Pods;
			sourceTree = "<group>";
		};
		28BC187320870997007CB946 = {
			isa = PBXGroup;
			children = (
				28BC187E20870997007CB946 /* TandESearchIOS */,
				28BC187D20870997007CB946 /* Products */,
				03A3F76764229B2A7A112449 /* Pods */,
				60514DB1550BA6802B905026 /* Frameworks */,
			);
			sourceTree = "<group>";
		};
		28BC187D20870997007CB946 /* Products */ = {
			isa = PBXGroup;
			children = (
				28BC187C20870997007CB946 /* TandESearchIOS.app */,
			);
			name = Products;
			sourceTree = "<group>";
		};
		28BC187E20870997007CB946 /* TandESearchIOS */ = {
			isa = PBXGroup;
			children = (
				28BC187F20870997007CB946 /* AppDelegate.swift */,
				28BC188120870997007CB946 /* ViewController.swift */,
				28AFB8972089BADA006E3A98 /* ResultsTableViewController.swift */,
				28BC188320870997007CB946 /* Main.storyboard */,
				28BC188620870998007CB946 /* Assets.xcassets */,
				28BC188820870998007CB946 /* LaunchScreen.storyboard */,
				28BC188B20870998007CB946 /* Info.plist */,
			);
			path = TandESearchIOS;
			sourceTree = "<group>";
		};
		60514DB1550BA6802B905026 /* Frameworks */ = {
			isa = PBXGroup;
			children = (
				28AFB8932089AA85006E3A98 /* CoreLocation.framework */,
				C5D695BD63FC5B973B4C45E0 /* Pods_TandESearchIOS.framework */,
			);
			name = Frameworks;
			sourceTree = "<group>";
		};
/* End PBXGroup section */

/* Begin PBXNativeTarget section */
		28BC187B20870997007CB946 /* TandESearchIOS */ = {
			isa = PBXNativeTarget;
			buildConfigurationList = 28BC188E20870998007CB946 /* Build configuration list for PBXNativeTarget "TandESearchIOS" */;
			buildPhases = (
				D67E9D01BB2E67C8B350733B /* [CP] Check Pods Manifest.lock */,
				28BC187820870997007CB946 /* Sources */,
				28BC187920870997007CB946 /* Frameworks */,
				28BC187A20870997007CB946 /* Resources */,
				60D1BA0DD43A544D33F41F66 /* [CP] Embed Pods Frameworks */,
				C104C38BF3413BAF92F9D479 /* [CP] Copy Pods Resources */,
			);
			buildRules = (
			);
			dependencies = (
			);
			name = TandESearchIOS;
			productName = TandESearchIOS;
			productReference = 28BC187C20870997007CB946 /* TandESearchIOS.app */;
			productType = "com.apple.product-type.application";
		};
/* End PBXNativeTarget section */

/* Begin PBXProject section */
		28BC187420870997007CB946 /* Project object */ = {
			isa = PBXProject;
			attributes = {
				LastSwiftUpdateCheck = 0930;
				LastUpgradeCheck = 0930;
				ORGANIZATIONNAME = zdf;
				TargetAttributes = {
					28BC187B20870997007CB946 = {
						CreatedOnToolsVersion = 9.3;
					};
				};
			};
			buildConfigurationList = 28BC187720870997007CB946 /* Build configuration list for PBXProject "TandESearchIOS" */;
			compatibilityVersion = "Xcode 9.3";
			developmentRegion = en;
			hasScannedForEncodings = 0;
			knownRegions = (
				en,
				Base,
			);
			mainGroup = 28BC187320870997007CB946;
			productRefGroup = 28BC187D20870997007CB946 /* Products */;
			projectDirPath = "";
			projectRoot = "";
			targets = (
				28BC187B20870997007CB946 /* TandESearchIOS */,
			);
		};
/* End PBXProject section */

/* Begin PBXResourcesBuildPhase section */
		28BC187A20870997007CB946 /* Resources */ = {
			isa = PBXResourcesBuildPhase;
			buildActionMask = 2147483647;
			files = (
				28BC188A20870998007CB946 /* LaunchScreen.storyboard in Resources */,
				28BC188720870998007CB946 /* Assets.xcassets in Resources */,
				28BC188520870997007CB946 /* Main.storyboard in Resources */,
			);
			runOnlyForDeploymentPostprocessing = 0;
		};
/* End PBXResourcesBuildPhase section */

/* Begin PBXShellScriptBuildPhase section */
		60D1BA0DD43A544D33F41F66 /* [CP] Embed Pods Frameworks */ = {
			isa = PBXShellScriptBuildPhase;
			buildActionMask = 2147483647;
			files = (
			);
			inputPaths = (
				"${SRCROOT}/Pods/Target Support Files/Pods-TandESearchIOS/Pods-TandESearchIOS-frameworks.sh",
				"${BUILT_PRODUCTS_DIR}/Alamofire/Alamofire.framework",
				"${BUILT_PRODUCTS_DIR}/AlamofireSwiftyJSON/AlamofireSwiftyJSON.framework",
				"${BUILT_PRODUCTS_DIR}/Cosmos/Cosmos.framework",
				"${BUILT_PRODUCTS_DIR}/EasyToast/EasyToast.framework",
				"${BUILT_PRODUCTS_DIR}/McPicker/McPicker.framework",
				"${BUILT_PRODUCTS_DIR}/SwiftSpinner/SwiftSpinner.framework",
				"${BUILT_PRODUCTS_DIR}/SwiftyJSON/SwiftyJSON.framework",
			);
			name = "[CP] Embed Pods Frameworks";
			outputPaths = (
				"${TARGET_BUILD_DIR}/${FRAMEWORKS_FOLDER_PATH}/Alamofire.framework",
				"${TARGET_BUILD_DIR}/${FRAMEWORKS_FOLDER_PATH}/AlamofireSwiftyJSON.framework",
				"${TARGET_BUILD_DIR}/${FRAMEWORKS_FOLDER_PATH}/Cosmos.framework",
				"${TARGET_BUILD_DIR}/${FRAMEWORKS_FOLDER_PATH}/EasyToast.framework",
				"${TARGET_BUILD_DIR}/${FRAMEWORKS_FOLDER_PATH}/McPicker.framework",
				"${TARGET_BUILD_DIR}/${FRAMEWORKS_FOLDER_PATH}/SwiftSpinner.framework",
				"${TARGET_BUILD_DIR}/${FRAMEWORKS_FOLDER_PATH}/SwiftyJSON.framework",
			);
			runOnlyForDeploymentPostprocessing = 0;
			shellPath = /bin/sh;
			shellScript = "\"${SRCROOT}/Pods/Target Support Files/Pods-TandESearchIOS/Pods-TandESearchIOS-frameworks.sh\"\n";
			showEnvVarsInLog = 0;
		};
		C104C38BF3413BAF92F9D479 /* [CP] Copy Pods Resources */ = {
			isa = PBXShellScriptBuildPhase;
			buildActionMask = 2147483647;
			files = (
			);
			inputPaths = (
				"${SRCROOT}/Pods/Target Support Files/Pods-TandESearchIOS/Pods-TandESearchIOS-resources.sh",
				"${PODS_ROOT}/GoogleMaps/Maps/Frameworks/GoogleMaps.framework/Resources/GoogleMaps.bundle",
				"${PODS_ROOT}/GooglePlacePicker/Frameworks/GooglePlacePicker.framework/Resources/GooglePlacePicker.bundle",
				"${PODS_ROOT}/GooglePlaces/Frameworks/GooglePlaces.framework/Resources/GooglePlaces.bundle",
			);
			name = "[CP] Copy Pods Resources";
			outputPaths = (
				"${TARGET_BUILD_DIR}/${UNLOCALIZED_RESOURCES_FOLDER_PATH}/GoogleMaps.bundle",
				"${TARGET_BUILD_DIR}/${UNLOCALIZED_RESOURCES_FOLDER_PATH}/GooglePlacePicker.bundle",
				"${TARGET_BUILD_DIR}/${UNLOCALIZED_RESOURCES_FOLDER_PATH}/GooglePlaces.bundle",
			);
			runOnlyForDeploymentPostprocessing = 0;
			shellPath = /bin/sh;
			shellScript = "\"${SRCROOT}/Pods/Target Support Files/Pods-TandESearchIOS/Pods-TandESearchIOS-resources.sh\"\n";
			showEnvVarsInLog = 0;
		};
		D67E9D01BB2E67C8B350733B /* [CP] Check Pods Manifest.lock */ = {
			isa = PBXShellScriptBuildPhase;
			buildActionMask = 2147483647;
			files = (
			);
			inputPaths = (
				"${PODS_PODFILE_DIR_PATH}/Podfile.lock",
				"${PODS_ROOT}/Manifest.lock",
			);
			name = "[CP] Check Pods Manifest.lock";
			outputPaths = (
				"$(DERIVED_FILE_DIR)/Pods-TandESearchIOS-checkManifestLockResult.txt",
			);
			runOnlyForDeploymentPostprocessing = 0;
			shellPath = /bin/sh;
			shellScript = "diff \"${PODS_PODFILE_DIR_PATH}/Podfile.lock\" \"${PODS_ROOT}/Manifest.lock\" > /dev/null\nif [ $? != 0 ] ; then\n    # print error to STDERR\n    echo \"error: The sandbox is not in sync with the Podfile.lock. Run 'pod install' or update your CocoaPods installation.\" >&2\n    exit 1\nfi\n# This output is used by Xcode 'outputs' to avoid re-running this script phase.\necho \"SUCCESS\" > \"${SCRIPT_OUTPUT_FILE_0}\"\n";
			showEnvVarsInLog = 0;
		};
/* End PBXShellScriptBuildPhase section */

/* Begin PBXSourcesBuildPhase section */
		28BC187820870997007CB946 /* Sources */ = {
			isa = PBXSourcesBuildPhase;
			buildActionMask = 2147483647;
			files = (
				28AFB8982089BADA006E3A98 /* ResultsTableViewController.swift in Sources */,
				28BC188220870997007CB946 /* ViewController.swift in Sources */,
				28BC188020870997007CB946 /* AppDelegate.swift in Sources */,
			);
			runOnlyForDeploymentPostprocessing = 0;
		};
/* End PBXSourcesBuildPhase section */

/* Begin PBXVariantGroup section */
		28BC188320870997007CB946 /* Main.storyboard */ = {
			isa = PBXVariantGroup;
			children = (
				28BC188420870997007CB946 /* Base */,
			);
			name = Main.storyboard;
			sourceTree = "<group>";
		};
		28BC188820870998007CB946 /* LaunchScreen.storyboard */ = {
			isa = PBXVariantGroup;
			children = (
				28BC188920870998007CB946 /* Base */,
			);
			name = LaunchScreen.storyboard;
			sourceTree = "<group>";
		};
/* End PBXVariantGroup section */

/* Begin XCBuildConfiguration section */
		28BC188C20870998007CB946 /* Debug */ = {
			isa = XCBuildConfiguration;
			buildSettings = {
				ALWAYS_SEARCH_USER_PATHS = NO;
				CLANG_ANALYZER_NONNULL = YES;
				CLANG_ANALYZER_NUMBER_OBJECT_CONVERSION = YES_AGGRESSIVE;
				CLANG_CXX_LANGUAGE_STANDARD = "gnu++14";
				CLANG_CXX_LIBRARY = "libc++";
				CLANG_ENABLE_MODULES = YES;
				CLANG_ENABLE_OBJC_ARC = YES;
				CLANG_ENABLE_OBJC_WEAK = YES;
				CLANG_WARN_BLOCK_CAPTURE_AUTORELEASING = YES;
				CLANG_WARN_BOOL_CONVERSION = YES;
				CLANG_WARN_COMMA = YES;
				CLANG_WARN_CONSTANT_CONVERSION = YES;
				CLANG_WARN_DEPRECATED_OBJC_IMPLEMENTATIONS = YES;
				CLANG_WARN_DIRECT_OBJC_ISA_USAGE = YES_ERROR;
				CLANG_WARN_DOCUMENTATION_COMMENTS = YES;
				CLANG_WARN_EMPTY_BODY = YES;
				CLANG_WARN_ENUM_CONVERSION = YES;
				CLANG_WARN_INFINITE_RECURSION = YES;
				CLANG_WARN_INT_CONVERSION = YES;
				CLANG_WARN_NON_LITERAL_NULL_CONVERSION = YES;
				CLANG_WARN_OBJC_IMPLICIT_RETAIN_SELF = YES;
				CLANG_WARN_OBJC_LITERAL_CONVERSION = YES;
				CLANG_WARN_OBJC_ROOT_CLASS = YES_ERROR;
				CLANG_WARN_RANGE_LOOP_ANALYSIS = YES;
				CLANG_WARN_STRICT_PROTOTYPES = YES;
				CLANG_WARN_SUSPICIOUS_MOVE = YES;
				CLANG_WARN_UNGUARDED_AVAILABILITY = YES_AGGRESSIVE;
				CLANG_WARN_UNREACHABLE_CODE = YES;
				CLANG_WARN__DUPLICATE_METHOD_MATCH = YES;
				CODE_SIGN_IDENTITY = "iPhone Developer";
				COPY_PHASE_STRIP = NO;
				DEBUG_INFORMATION_FORMAT = dwarf;
				ENABLE_STRICT_OBJC_MSGSEND = YES;
				ENABLE_TESTABILITY = YES;
				GCC_C_LANGUAGE_STANDARD = gnu11;
				GCC_DYNAMIC_NO_PIC = NO;
				GCC_NO_COMMON_BLOCKS = YES;
				GCC_OPTIMIZATION_LEVEL = 0;
				GCC_PREPROCESSOR_DEFINITIONS = (
					"DEBUG=1",
					"$(inherited)",
				);
				GCC_WARN_64_TO_32_BIT_CONVERSION = YES;
				GCC_WARN_ABOUT_RETURN_TYPE = YES_ERROR;
				GCC_WARN_UNDECLARED_SELECTOR = YES;
				GCC_WARN_UNINITIALIZED_AUTOS = YES_AGGRESSIVE;
				GCC_WARN_UNUSED_FUNCTION = YES;
				GCC_WARN_UNUSED_VARIABLE = YES;
				IPHONEOS_DEPLOYMENT_TARGET = 11.3;
				MTL_ENABLE_DEBUG_INFO = YES;
				ONLY_ACTIVE_ARCH = YES;
				SDKROOT = iphoneos;
				SWIFT_ACTIVE_COMPILATION_CONDITIONS = DEBUG;
				SWIFT_OPTIMIZATION_LEVEL = "-Onone";
			};
			name = Debug;
		};
		28BC188D20870998007CB946 /* Release */ = {
			isa = XCBuildConfiguration;
			buildSettings = {
				ALWAYS_SEARCH_USER_PATHS = NO;
				CLANG_ANALYZER_NONNULL = YES;
				CLANG_ANALYZER_NUMBER_OBJECT_CONVERSION = YES_AGGRESSIVE;
				CLANG_CXX_LANGUAGE_STANDARD = "gnu++14";
				CLANG_CXX_LIBRARY = "libc++";
				CLANG_ENABLE_MODULES = YES;
				CLANG_ENABLE_OBJC_ARC = YES;
				CLANG_ENABLE_OBJC_WEAK = YES;
				CLANG_WARN_BLOCK_CAPTURE_AUTORELEASING = YES;
				CLANG_WARN_BOOL_CONVERSION = YES;
				CLANG_WARN_COMMA = YES;
				CLANG_WARN_CONSTANT_CONVERSION = YES;
				CLANG_WARN_DEPRECATED_OBJC_IMPLEMENTATIONS = YES;
				CLANG_WARN_DIRECT_OBJC_ISA_USAGE = YES_ERROR;
				CLANG_WARN_DOCUMENTATION_COMMENTS = YES;
				CLANG_WARN_EMPTY_BODY = YES;
				CLANG_WARN_ENUM_CONVERSION = YES;
				CLANG_WARN_INFINITE_RECURSION = YES;
				CLANG_WARN_INT_CONVERSION = YES;
				CLANG_WARN_NON_LITERAL_NULL_CONVERSION = YES;
				CLANG_WARN_OBJC_IMPLICIT_RETAIN_SELF = YES;
				CLANG_WARN_OBJC_LITERAL_CONVERSION = YES;
				CLANG_WARN_OBJC_ROOT_CLASS = YES_ERROR;
				CLANG_WARN_RANGE_LOOP_ANALYSIS = YES;
				CLANG_WARN_STRICT_PROTOTYPES = YES;
				CLANG_WARN_SUSPICIOUS_MOVE = YES;
				CLANG_WARN_UNGUARDED_AVAILABILITY = YES_AGGRESSIVE;
				CLANG_WARN_UNREACHABLE_CODE = YES;
				CLANG_WARN__DUPLICATE_METHOD_MATCH = YES;
				CODE_SIGN_IDENTITY = "iPhone Developer";
				COPY_PHASE_STRIP = NO;
				DEBUG_INFORMATION_FORMAT = "dwarf-with-dsym";
				ENABLE_NS_ASSERTIONS = NO;
				ENABLE_STRICT_OBJC_MSGSEND = YES;
				GCC_C_LANGUAGE_STANDARD = gnu11;
				GCC_NO_COMMON_BLOCKS = YES;
				GCC_WARN_64_TO_32_BIT_CONVERSION = YES;
				GCC_WARN_ABOUT_RETURN_TYPE = YES_ERROR;
				GCC_WARN_UNDECLARED_SELECTOR = YES;
				GCC_WARN_UNINITIALIZED_AUTOS = YES_AGGRESSIVE;
				GCC_WARN_UNUSED_FUNCTION = YES;
				GCC_WARN_UNUSED_VARIABLE = YES;
				IPHONEOS_DEPLOYMENT_TARGET = 11.3;
				MTL_ENABLE_DEBUG_INFO = NO;
				SDKROOT = iphoneos;
				SWIFT_COMPILATION_MODE = wholemodule;
				SWIFT_OPTIMIZATION_LEVEL = "-O";
				VALIDATE_PRODUCT = YES;
			};
			name = Release;
		};
		28BC188F20870998007CB946 /* Debug */ = {
			isa = XCBuildConfiguration;
			baseConfigurationReference = DDAC9758105549E6147C6F7E /* Pods-TandESearchIOS.debug.xcconfig */;
			buildSettings = {
				ASSETCATALOG_COMPILER_APPICON_NAME = AppIcon;
				CODE_SIGN_STYLE = Automatic;
				INFOPLIST_FILE = TandESearchIOS/Info.plist;
				LD_RUNPATH_SEARCH_PATHS = (
					"$(inherited)",
					"@executable_path/Frameworks",
				);
				PRODUCT_BUNDLE_IDENTIFIER = com.zdf.TandESearchIOS;
				PRODUCT_NAME = "$(TARGET_NAME)";
				SWIFT_VERSION = 4.0;
				TARGETED_DEVICE_FAMILY = "1,2";
			};
			name = Debug;
		};
		28BC189020870998007CB946 /* Release */ = {
			isa = XCBuildConfiguration;
			baseConfigurationReference = 63F45980AB36D47406AC6F4E /* Pods-TandESearchIOS.release.xcconfig */;
			buildSettings = {
				ASSETCATALOG_COMPILER_APPICON_NAME = AppIcon;
				CODE_SIGN_STYLE = Automatic;
				INFOPLIST_FILE = TandESearchIOS/Info.plist;
				LD_RUNPATH_SEARCH_PATHS = (
					"$(inherited)",
					"@executable_path/Frameworks",
				);
				PRODUCT_BUNDLE_IDENTIFIER = com.zdf.TandESearchIOS;
				PRODUCT_NAME = "$(TARGET_NAME)";
				SWIFT_VERSION = 4.0;
				TARGETED_DEVICE_FAMILY = "1,2";
			};
			name = Release;
		};
/* End XCBuildConfiguration section */

/* Begin XCConfigurationList section */
		28BC187720870997007CB946 /* Build configuration list for PBXProject "TandESearchIOS" */ = {
			isa = XCConfigurationList;
			buildConfigurations = (
				28BC188C20870998007CB946 /* Debug */,
				28BC188D20870998007CB946 /* Release */,
			);
			defaultConfigurationIsVisible = 0;
			defaultConfigurationName = Release;
		};
		28BC188E20870998007CB946 /* Build configuration list for PBXNativeTarget "TandESearchIOS" */ = {
			isa = XCConfigurationList;
			buildConfigurations = (
				28BC188F20870998007CB946 /* Debug */,
				28BC189020870998007CB946 /* Release */,
			);
			defaultConfigurationIsVisible = 0;
			defaultConfigurationName = Release;
		};
/* End XCConfigurationList section */
	};
	rootObject = 28BC187420870997007CB946 /* Project object */;
}
